
Microsoft Visual Studio Solution File, Format Version 12.00
# Visual Studio 15
VisualStudioVersion = 15.0.27428.2005
MinimumVisualStudioVersion = 10.0.40219.1
Project("{FAE04EC0-301F-11D3-BF4B-00C04F79EFBC}") = "ConnectToMySQL", "ConnectToMySQL\ConnectToMySQL.csproj", "{CCFEF243-3D0E-4355-A719-131E31B08CFE}"
EndProject
Project("{FAE04EC0-301F-11D3-BF4B-00C04F79EFBC}") = "EjectGameServer", "EjectGameServer\EjectGameServer.csproj", "{945899F7-7A39-49FE-9FF1-F067E8AF0371}"
EndProject
Global
	GlobalSection(SolutionConfigurationPlatforms) = preSolution
		Debug|Any CPU = Debug|Any CPU
		Release|Any CPU = Release|Any CPU
	EndGlobalSection
	GlobalSection(ProjectConfigurationPlatforms) = postSolution
		{CCFEF243-3D0E-4355-A719-131E31B08CFE}.Debug|Any CPU.ActiveCfg = Debug|Any CPU
		{CCFEF243-3D0E-4355-A719-131E31B08CFE}.Debug|Any CPU.Build.0 = Debug|Any CPU
		{CCFEF243-3D0E-4355-A719-131E31B08CFE}.Release|Any CPU.ActiveCfg = Release|Any CPU
		{CCFEF243-3D0E-4355-A719-131E31B08CFE}.Release|Any CPU.Build.0 = Release|Any CPU
		{945899F7-7A39-49FE-9FF1-F067E8AF0371}.Debug|Any CPU.ActiveCfg = Debug|Any CPU
		{945899F7-7A39-49FE-9FF1-F067E8AF0371}.Debug|Any CPU.Build.0 = Debug|Any CPU
		{945899F7-7A39-49FE-9FF1-F067E8AF0371}.Release|Any CPU.ActiveCfg = Release|Any CPU
		{945899F7-7A39-49FE-9FF1-F067E8AF0371}.Release|Any CPU.Build.0 = Release|Any CPU
	EndGlobalSection
	GlobalSection(SolutionProperties) = preSolution
		HideSolutionNode = FALSE
	EndGlobalSection
	GlobalSection(ExtensibilityGlobals) = postSolution
		SolutionGuid = {C8E3A317-6E23-4BCA-B10E-61AA2B7A85D7}
	EndGlobalSection
EndGlobal
